
Microsoft Visual Studio Solution File, Format Version 12.00
# Visual Studio 15
VisualStudioVersion = 15.0.28307.757
MinimumVisualStudioVersion = 10.0.40219.1
Project("{9A19103F-16F7-4668-BE54-9A1E7A4F7556}") = "DVG.CRM.XeCung.WebAPI", "DVG.CRM.XeCung.WebAPI\DVG.CRM.XeCung.WebAPI.csproj", "{F0F5832D-5E57-4830-ACB0-A33C41F53A21}"
EndProject
Project("{2150E333-8FDC-42A3-9474-1A3956D46DE8}") = "01.Core", "01.Core", "{8BB249D9-D51F-4EAA-A993-23E9CD76D3C4}"
EndProject
Project("{2150E333-8FDC-42A3-9474-1A3956D46DE8}") = "03.WebAPI", "03.WebAPI", "{329BD727-CA53-4D32-894B-71FF013FF1A9}"
EndProject
Project("{2150E333-8FDC-42A3-9474-1A3956D46DE8}") = "Applications", "Applications", "{356094C1-E188-474A-ABA7-C0B7E40BFB34}"
EndProject
Project("{2150E333-8FDC-42A3-9474-1A3956D46DE8}") = "Domains", "Domains", "{C4D3042F-6D0D-4B76-900D-6C4D9ABD154D}"
EndProject
Project("{2150E333-8FDC-42A3-9474-1A3956D46DE8}") = "Infrastructures", "Infrastructures", "{7F4139C0-9DF1-4FF9-AB3A-DCF882C24F97}"
EndProject
Project("{9A19103F-16F7-4668-BE54-9A1E7A4F7556}") = "DVG.CRM.XeCung.ApplicationLayer", "DVG.CRM.XeCung.ApplicationLayer\DVG.CRM.XeCung.ApplicationLayer.csproj", "{F00F74FD-6193-4708-874D-A9ADEE4C9852}"
EndProject
Project("{9A19103F-16F7-4668-BE54-9A1E7A4F7556}") = "DVG.CRM.XeCung.DomainLayer", "DVG.CRM.XeCung.DomainLayer\DVG.CRM.XeCung.DomainLayer.csproj", "{5D82756D-91B5-40AA-80CF-903F61765C4C}"
EndProject
Project("{9A19103F-16F7-4668-BE54-9A1E7A4F7556}") = "DVG.CRM.XeCung.InfrastructureLayer", "DVG.CRM.XeCung.InfrastructureLayer\DVG.CRM.XeCung.InfrastructureLayer.csproj", "{6CB0A4FC-D3BC-493C-B9B9-71C05217C15B}"
EndProject
Project("{9A19103F-16F7-4668-BE54-9A1E7A4F7556}") = "DVG.CRM.XeCung.Data", "DVG.CRM.XeCung.Data\DVG.CRM.XeCung.Data.csproj", "{2ABB3A7B-4DDB-430C-AD4F-87BA5CFC2AC9}"
EndProject
Global
	GlobalSection(SolutionConfigurationPlatforms) = preSolution
		Debug|Any CPU = Debug|Any CPU
		Release|Any CPU = Release|Any CPU
	EndGlobalSection
	GlobalSection(ProjectConfigurationPlatforms) = postSolution
		{F0F5832D-5E57-4830-ACB0-A33C41F53A21}.Debug|Any CPU.ActiveCfg = Debug|Any CPU
		{F0F5832D-5E57-4830-ACB0-A33C41F53A21}.Debug|Any CPU.Build.0 = Debug|Any CPU
		{F0F5832D-5E57-4830-ACB0-A33C41F53A21}.Release|Any CPU.ActiveCfg = Release|Any CPU
		{F0F5832D-5E57-4830-ACB0-A33C41F53A21}.Release|Any CPU.Build.0 = Release|Any CPU
		{F00F74FD-6193-4708-874D-A9ADEE4C9852}.Debug|Any CPU.ActiveCfg = Debug|Any CPU
		{F00F74FD-6193-4708-874D-A9ADEE4C9852}.Debug|Any CPU.Build.0 = Debug|Any CPU
		{F00F74FD-6193-4708-874D-A9ADEE4C9852}.Release|Any CPU.ActiveCfg = Release|Any CPU
		{F00F74FD-6193-4708-874D-A9ADEE4C9852}.Release|Any CPU.Build.0 = Release|Any CPU
		{5D82756D-91B5-40AA-80CF-903F61765C4C}.Debug|Any CPU.ActiveCfg = Debug|Any CPU
		{5D82756D-91B5-40AA-80CF-903F61765C4C}.Debug|Any CPU.Build.0 = Debug|Any CPU
		{5D82756D-91B5-40AA-80CF-903F61765C4C}.Release|Any CPU.ActiveCfg = Release|Any CPU
		{5D82756D-91B5-40AA-80CF-903F61765C4C}.Release|Any CPU.Build.0 = Release|Any CPU
		{6CB0A4FC-D3BC-493C-B9B9-71C05217C15B}.Debug|Any CPU.ActiveCfg = Debug|Any CPU
		{6CB0A4FC-D3BC-493C-B9B9-71C05217C15B}.Debug|Any CPU.Build.0 = Debug|Any CPU
		{6CB0A4FC-D3BC-493C-B9B9-71C05217C15B}.Release|Any CPU.ActiveCfg = Release|Any CPU
		{6CB0A4FC-D3BC-493C-B9B9-71C05217C15B}.Release|Any CPU.Build.0 = Release|Any CPU
		{2ABB3A7B-4DDB-430C-AD4F-87BA5CFC2AC9}.Debug|Any CPU.ActiveCfg = Debug|Any CPU
		{2ABB3A7B-4DDB-430C-AD4F-87BA5CFC2AC9}.Debug|Any CPU.Build.0 = Debug|Any CPU
		{2ABB3A7B-4DDB-430C-AD4F-87BA5CFC2AC9}.Release|Any CPU.ActiveCfg = Release|Any CPU
		{2ABB3A7B-4DDB-430C-AD4F-87BA5CFC2AC9}.Release|Any CPU.Build.0 = Release|Any CPU
	EndGlobalSection
	GlobalSection(SolutionProperties) = preSolution
		HideSolutionNode = FALSE
	EndGlobalSection
	GlobalSection(NestedProjects) = preSolution
		{F0F5832D-5E57-4830-ACB0-A33C41F53A21} = {329BD727-CA53-4D32-894B-71FF013FF1A9}
		{356094C1-E188-474A-ABA7-C0B7E40BFB34} = {8BB249D9-D51F-4EAA-A993-23E9CD76D3C4}
		{C4D3042F-6D0D-4B76-900D-6C4D9ABD154D} = {8BB249D9-D51F-4EAA-A993-23E9CD76D3C4}
		{7F4139C0-9DF1-4FF9-AB3A-DCF882C24F97} = {8BB249D9-D51F-4EAA-A993-23E9CD76D3C4}
		{F00F74FD-6193-4708-874D-A9ADEE4C9852} = {356094C1-E188-474A-ABA7-C0B7E40BFB34}
		{5D82756D-91B5-40AA-80CF-903F61765C4C} = {C4D3042F-6D0D-4B76-900D-6C4D9ABD154D}
		{6CB0A4FC-D3BC-493C-B9B9-71C05217C15B} = {7F4139C0-9DF1-4FF9-AB3A-DCF882C24F97}
		{2ABB3A7B-4DDB-430C-AD4F-87BA5CFC2AC9} = {7F4139C0-9DF1-4FF9-AB3A-DCF882C24F97}
	EndGlobalSection
	GlobalSection(ExtensibilityGlobals) = postSolution
		SolutionGuid = {6A3B7B9D-8181-4CE7-8C4B-9B52D93FC2B5}
	EndGlobalSection
EndGlobal
